
Microsoft Visual Studio Solution File, Format Version 12.00
# Visual Studio Version 16
VisualStudioVersion = 16.0.30804.86
MinimumVisualStudioVersion = 10.0.40219.1
Project("{FAE04EC0-301F-11D3-BF4B-00C04F79EFBC}") = "CourseOfSelenium", "CourseOfSelenium\CourseOfSelenium.csproj", "{6FA21A97-65FC-4945-8492-A5C926BC8ED1}"
EndProject
Global
	GlobalSection(SolutionConfigurationPlatforms) = preSolution
		Debug|Any CPU = Debug|Any CPU
		Release|Any CPU = Release|Any CPU
	EndGlobalSection
	GlobalSection(ProjectConfigurationPlatforms) = postSolution
		{6FA21A97-65FC-4945-8492-A5C926BC8ED1}.Debug|Any CPU.ActiveCfg = Debug|Any CPU
		{6FA21A97-65FC-4945-8492-A5C926BC8ED1}.Debug|Any CPU.Build.0 = Debug|Any CPU
		{6FA21A97-65FC-4945-8492-A5C926BC8ED1}.Release|Any CPU.ActiveCfg = Release|Any CPU
		{6FA21A97-65FC-4945-8492-A5C926BC8ED1}.Release|Any CPU.Build.0 = Release|Any CPU
	EndGlobalSection
	GlobalSection(SolutionProperties) = preSolution
		HideSolutionNode = FALSE
	EndGlobalSection
	GlobalSection(ExtensibilityGlobals) = postSolution
		SolutionGuid = {CE4D63E9-3436-4C32-BDB3-C06881C8CBA9}
	EndGlobalSection
EndGlobal
